// !$*UTF8*$!
{
	archiveVersion = 1;
	classes = {
	};
	objectVersion = 56;
	objects = {

/* Begin PBXBuildFile section */
		9A27C5F32B52C1A1007DADF5 /* NewsFeedAppsApp.swift in Sources */ = {isa = PBXBuildFile; fileRef = 9A27C5F22B52C1A1007DADF5 /* NewsFeedAppsApp.swift */; };
		9A27C5F52B52C1A1007DADF5 /* ContentView.swift in Sources */ = {isa = PBXBuildFile; fileRef = 9A27C5F42B52C1A1007DADF5 /* ContentView.swift */; };
		9A27C5F72B52C1A2007DADF5 /* Assets.xcassets in Resources */ = {isa = PBXBuildFile; fileRef = 9A27C5F62B52C1A2007DADF5 /* Assets.xcassets */; };
		9A27C5FA2B52C1A2007DADF5 /* Preview Assets.xcassets in Resources */ = {isa = PBXBuildFile; fileRef = 9A27C5F92B52C1A2007DADF5 /* Preview Assets.xcassets */; };
		9A27C6042B52C1A2007DADF5 /* NewsFeedAppsTests.swift in Sources */ = {isa = PBXBuildFile; fileRef = 9A27C6032B52C1A2007DADF5 /* NewsFeedAppsTests.swift */; };
		9A27C60E2B52C1A2007DADF5 /* NewsFeedAppsUITests.swift in Sources */ = {isa = PBXBuildFile; fileRef = 9A27C60D2B52C1A2007DADF5 /* NewsFeedAppsUITests.swift */; };
		9A27C6102B52C1A2007DADF5 /* NewsFeedAppsUITestsLaunchTests.swift in Sources */ = {isa = PBXBuildFile; fileRef = 9A27C60F2B52C1A2007DADF5 /* NewsFeedAppsUITestsLaunchTests.swift */; };
		9A27C61F2B52C28C007DADF5 /* Alamofire in Frameworks */ = {isa = PBXBuildFile; productRef = 9A27C61E2B52C28C007DADF5 /* Alamofire */; };
		9A27C6222B52C2B0007DADF5 /* URLImage in Frameworks */ = {isa = PBXBuildFile; productRef = 9A27C6212B52C2B0007DADF5 /* URLImage */; };
		9A27C6242B52C2B0007DADF5 /* URLImageStore in Frameworks */ = {isa = PBXBuildFile; productRef = 9A27C6232B52C2B0007DADF5 /* URLImageStore */; };
		9A27C6262B52C2CE007DADF5 /* NewsModel.swift in Sources */ = {isa = PBXBuildFile; fileRef = 9A27C6252B52C2CE007DADF5 /* NewsModel.swift */; };
		9A27C6292B52C3B6007DADF5 /* NewsService.swift in Sources */ = {isa = PBXBuildFile; fileRef = 9A27C6282B52C3B6007DADF5 /* NewsService.swift */; };
		9A27C62B2B52C3EB007DADF5 /* NewsApiResponse.swift in Sources */ = {isa = PBXBuildFile; fileRef = 9A27C62A2B52C3EB007DADF5 /* NewsApiResponse.swift */; };
		9A27C62E2B52C471007DADF5 /* NewsDetailView.swift in Sources */ = {isa = PBXBuildFile; fileRef = 9A27C62D2B52C471007DADF5 /* NewsDetailView.swift */; };
		9A27C6312B52C4A8007DADF5 /* NewsViewModel.swift in Sources */ = {isa = PBXBuildFile; fileRef = 9A27C6302B52C4A8007DADF5 /* NewsViewModel.swift */; };
		9A27C6342B52C51F007DADF5 /* NewsListView.swift in Sources */ = {isa = PBXBuildFile; fileRef = 9A27C6332B52C51F007DADF5 /* NewsListView.swift */; };
		9A27C6362B52C565007DADF5 /* NewsListItemView.swift in Sources */ = {isa = PBXBuildFile; fileRef = 9A27C6352B52C565007DADF5 /* NewsListItemView.swift */; };
		9A27C6382B52C5F7007DADF5 /* SearchBarView.swift in Sources */ = {isa = PBXBuildFile; fileRef = 9A27C6372B52C5F7007DADF5 /* SearchBarView.swift */; };
		9A27C63A2B52C614007DADF5 /* TabBar.swift in Sources */ = {isa = PBXBuildFile; fileRef = 9A27C6392B52C614007DADF5 /* TabBar.swift */; };
		9A27C63C2B52C68C007DADF5 /* FavoritesViewModel.swift in Sources */ = {isa = PBXBuildFile; fileRef = 9A27C63B2B52C68C007DADF5 /* FavoritesViewModel.swift */; };
		9A27C63E2B52C6AE007DADF5 /* FavoritesView.swift in Sources */ = {isa = PBXBuildFile; fileRef = 9A27C63D2B52C6AE007DADF5 /* FavoritesView.swift */; };
		9A27C6402B52C714007DADF5 /* ShareSheet.swift in Sources */ = {isa = PBXBuildFile; fileRef = 9A27C63F2B52C714007DADF5 /* ShareSheet.swift */; };
		9A27C6422B52C731007DADF5 /* WebView.swift in Sources */ = {isa = PBXBuildFile; fileRef = 9A27C6412B52C731007DADF5 /* WebView.swift */; };
/* End PBXBuildFile section */

/* Begin PBXContainerItemProxy section */
		9A27C6002B52C1A2007DADF5 /* PBXContainerItemProxy */ = {
			isa = PBXContainerItemProxy;
			containerPortal = 9A27C5E72B52C1A1007DADF5 /* Project object */;
			proxyType = 1;
			remoteGlobalIDString = 9A27C5EE2B52C1A1007DADF5;
			remoteInfo = NewsFeedApps;
		};
		9A27C60A2B52C1A2007DADF5 /* PBXContainerItemProxy */ = {
			isa = PBXContainerItemProxy;
			containerPortal = 9A27C5E72B52C1A1007DADF5 /* Project object */;
			proxyType = 1;
			remoteGlobalIDString = 9A27C5EE2B52C1A1007DADF5;
			remoteInfo = NewsFeedApps;
		};
/* End PBXContainerItemProxy section */

/* Begin PBXFileReference section */
		9A27C5EF2B52C1A1007DADF5 /* NewsFeedApps.app */ = {isa = PBXFileReference; explicitFileType = wrapper.application; includeInIndex = 0; path = NewsFeedApps.app; sourceTree = BUILT_PRODUCTS_DIR; };
		9A27C5F22B52C1A1007DADF5 /* NewsFeedAppsApp.swift */ = {isa = PBXFileReference; lastKnownFileType = sourcecode.swift; path = NewsFeedAppsApp.swift; sourceTree = "<group>"; };
		9A27C5F42B52C1A1007DADF5 /* ContentView.swift */ = {isa = PBXFileReference; lastKnownFileType = sourcecode.swift; path = ContentView.swift; sourceTree = "<group>"; };
		9A27C5F62B52C1A2007DADF5 /* Assets.xcassets */ = {isa = PBXFileReference; lastKnownFileType = folder.assetcatalog; path = Assets.xcassets; sourceTree = "<group>"; };
		9A27C5F92B52C1A2007DADF5 /* Preview Assets.xcassets */ = {isa = PBXFileReference; lastKnownFileType = folder.assetcatalog; path = "Preview Assets.xcassets"; sourceTree = "<group>"; };
		9A27C5FF2B52C1A2007DADF5 /* NewsFeedAppsTests.xctest */ = {isa = PBXFileReference; explicitFileType = wrapper.cfbundle; includeInIndex = 0; path = NewsFeedAppsTests.xctest; sourceTree = BUILT_PRODUCTS_DIR; };
		9A27C6032B52C1A2007DADF5 /* NewsFeedAppsTests.swift */ = {isa = PBXFileReference; lastKnownFileType = sourcecode.swift; path = NewsFeedAppsTests.swift; sourceTree = "<group>"; };
		9A27C6092B52C1A2007DADF5 /* NewsFeedAppsUITests.xctest */ = {isa = PBXFileReference; explicitFileType = wrapper.cfbundle; includeInIndex = 0; path = NewsFeedAppsUITests.xctest; sourceTree = BUILT_PRODUCTS_DIR; };
		9A27C60D2B52C1A2007DADF5 /* NewsFeedAppsUITests.swift */ = {isa = PBXFileReference; lastKnownFileType = sourcecode.swift; path = NewsFeedAppsUITests.swift; sourceTree = "<group>"; };
		9A27C60F2B52C1A2007DADF5 /* NewsFeedAppsUITestsLaunchTests.swift */ = {isa = PBXFileReference; lastKnownFileType = sourcecode.swift; path = NewsFeedAppsUITestsLaunchTests.swift; sourceTree = "<group>"; };
		9A27C6252B52C2CE007DADF5 /* NewsModel.swift */ = {isa = PBXFileReference; lastKnownFileType = sourcecode.swift; path = NewsModel.swift; sourceTree = "<group>"; };
		9A27C6282B52C3B6007DADF5 /* NewsService.swift */ = {isa = PBXFileReference; lastKnownFileType = sourcecode.swift; path = NewsService.swift; sourceTree = "<group>"; };
		9A27C62A2B52C3EB007DADF5 /* NewsApiResponse.swift */ = {isa = PBXFileReference; lastKnownFileType = sourcecode.swift; path = NewsApiResponse.swift; sourceTree = "<group>"; };
		9A27C62D2B52C471007DADF5 /* NewsDetailView.swift */ = {isa = PBXFileReference; lastKnownFileType = sourcecode.swift; path = NewsDetailView.swift; sourceTree = "<group>"; };
		9A27C6302B52C4A8007DADF5 /* NewsViewModel.swift */ = {isa = PBXFileReference; lastKnownFileType = sourcecode.swift; path = NewsViewModel.swift; sourceTree = "<group>"; };
		9A27C6332B52C51F007DADF5 /* NewsListView.swift */ = {isa = PBXFileReference; lastKnownFileType = sourcecode.swift; path = NewsListView.swift; sourceTree = "<group>"; };
		9A27C6352B52C565007DADF5 /* NewsListItemView.swift */ = {isa = PBXFileReference; lastKnownFileType = sourcecode.swift; path = NewsListItemView.swift; sourceTree = "<group>"; };
		9A27C6372B52C5F7007DADF5 /* SearchBarView.swift */ = {isa = PBXFileReference; lastKnownFileType = sourcecode.swift; path = SearchBarView.swift; sourceTree = "<group>"; };
		9A27C6392B52C614007DADF5 /* TabBar.swift */ = {isa = PBXFileReference; lastKnownFileType = sourcecode.swift; path = TabBar.swift; sourceTree = "<group>"; };
		9A27C63B2B52C68C007DADF5 /* FavoritesViewModel.swift */ = {isa = PBXFileReference; lastKnownFileType = sourcecode.swift; path = FavoritesViewModel.swift; sourceTree = "<group>"; };
		9A27C63D2B52C6AE007DADF5 /* FavoritesView.swift */ = {isa = PBXFileReference; lastKnownFileType = sourcecode.swift; path = FavoritesView.swift; sourceTree = "<group>"; };
		9A27C63F2B52C714007DADF5 /* ShareSheet.swift */ = {isa = PBXFileReference; lastKnownFileType = sourcecode.swift; path = ShareSheet.swift; sourceTree = "<group>"; };
		9A27C6412B52C731007DADF5 /* WebView.swift */ = {isa = PBXFileReference; lastKnownFileType = sourcecode.swift; path = WebView.swift; sourceTree = "<group>"; };
/* End PBXFileReference section */

/* Begin PBXFrameworksBuildPhase section */
		9A27C5EC2B52C1A1007DADF5 /* Frameworks */ = {
			isa = PBXFrameworksBuildPhase;
			buildActionMask = 2147483647;
			files = (
				9A27C6222B52C2B0007DADF5 /* URLImage in Frameworks */,
				9A27C6242B52C2B0007DADF5 /* URLImageStore in Frameworks */,
				9A27C61F2B52C28C007DADF5 /* Alamofire in Frameworks */,
			);
			runOnlyForDeploymentPostprocessing = 0;
		};
		9A27C5FC2B52C1A2007DADF5 /* Frameworks */ = {
			isa = PBXFrameworksBuildPhase;
			buildActionMask = 2147483647;
			files = (
			);
			runOnlyForDeploymentPostprocessing = 0;
		};
		9A27C6062B52C1A2007DADF5 /* Frameworks */ = {
			isa = PBXFrameworksBuildPhase;
			buildActionMask = 2147483647;
			files = (
			);
			runOnlyForDeploymentPostprocessing = 0;
		};
/* End PBXFrameworksBuildPhase section */

/* Begin PBXGroup section */
		9A27C5E62B52C1A1007DADF5 = {
			isa = PBXGroup;
			children = (
				9A27C5F12B52C1A1007DADF5 /* NewsFeedApps */,
				9A27C6022B52C1A2007DADF5 /* NewsFeedAppsTests */,
				9A27C60C2B52C1A2007DADF5 /* NewsFeedAppsUITests */,
				9A27C5F02B52C1A1007DADF5 /* Products */,
			);
			sourceTree = "<group>";
		};
		9A27C5F02B52C1A1007DADF5 /* Products */ = {
			isa = PBXGroup;
			children = (
				9A27C5EF2B52C1A1007DADF5 /* NewsFeedApps.app */,
				9A27C5FF2B52C1A2007DADF5 /* NewsFeedAppsTests.xctest */,
				9A27C6092B52C1A2007DADF5 /* NewsFeedAppsUITests.xctest */,
			);
			name = Products;
			sourceTree = "<group>";
		};
		9A27C5F12B52C1A1007DADF5 /* NewsFeedApps */ = {
			isa = PBXGroup;
			children = (
				9A27C5F22B52C1A1007DADF5 /* NewsFeedAppsApp.swift */,
				9A27C5F62B52C1A2007DADF5 /* Assets.xcassets */,
				9A27C62C2B52C3FF007DADF5 /* Response */,
				9A27C61C2B52C23F007DADF5 /* Models */,
				9A27C6322B52C4C1007DADF5 /* ViewModels */,
				9A27C62F2B52C47C007DADF5 /* View */,
				9A27C6272B52C39A007DADF5 /* Services */,
				9A27C5F82B52C1A2007DADF5 /* Preview Content */,
			);
			path = NewsFeedApps;
			sourceTree = "<group>";
		};
		9A27C5F82B52C1A2007DADF5 /* Preview Content */ = {
			isa = PBXGroup;
			children = (
				9A27C5F92B52C1A2007DADF5 /* Preview Assets.xcassets */,
			);
			path = "Preview Content";
			sourceTree = "<group>";
		};
		9A27C6022B52C1A2007DADF5 /* NewsFeedAppsTests */ = {
			isa = PBXGroup;
			children = (
				9A27C6032B52C1A2007DADF5 /* NewsFeedAppsTests.swift */,
			);
			path = NewsFeedAppsTests;
			sourceTree = "<group>";
		};
		9A27C60C2B52C1A2007DADF5 /* NewsFeedAppsUITests */ = {
			isa = PBXGroup;
			children = (
				9A27C60D2B52C1A2007DADF5 /* NewsFeedAppsUITests.swift */,
				9A27C60F2B52C1A2007DADF5 /* NewsFeedAppsUITestsLaunchTests.swift */,
			);
			path = NewsFeedAppsUITests;
			sourceTree = "<group>";
		};
		9A27C61C2B52C23F007DADF5 /* Models */ = {
			isa = PBXGroup;
			children = (
				9A27C6252B52C2CE007DADF5 /* NewsModel.swift */,
			);
			path = Models;
			sourceTree = "<group>";
		};
		9A27C6272B52C39A007DADF5 /* Services */ = {
			isa = PBXGroup;
			children = (
				9A27C6282B52C3B6007DADF5 /* NewsService.swift */,
			);
			path = Services;
			sourceTree = "<group>";
		};
		9A27C62C2B52C3FF007DADF5 /* Response */ = {
			isa = PBXGroup;
			children = (
				9A27C62A2B52C3EB007DADF5 /* NewsApiResponse.swift */,
			);
			path = Response;
			sourceTree = "<group>";
		};
		9A27C62F2B52C47C007DADF5 /* View */ = {
			isa = PBXGroup;
			children = (
				9A27C6352B52C565007DADF5 /* NewsListItemView.swift */,
				9A27C62D2B52C471007DADF5 /* NewsDetailView.swift */,
				9A27C6332B52C51F007DADF5 /* NewsListView.swift */,
				9A27C5F42B52C1A1007DADF5 /* ContentView.swift */,
				9A27C6372B52C5F7007DADF5 /* SearchBarView.swift */,
				9A27C6392B52C614007DADF5 /* TabBar.swift */,
				9A27C63D2B52C6AE007DADF5 /* FavoritesView.swift */,
				9A27C6412B52C731007DADF5 /* WebView.swift */,
			);
			path = View;
			sourceTree = "<group>";
		};
		9A27C6322B52C4C1007DADF5 /* ViewModels */ = {
			isa = PBXGroup;
			children = (
				9A27C6302B52C4A8007DADF5 /* NewsViewModel.swift */,
				9A27C63B2B52C68C007DADF5 /* FavoritesViewModel.swift */,
				9A27C63F2B52C714007DADF5 /* ShareSheet.swift */,
			);
			path = ViewModels;
			sourceTree = "<group>";
		};
/* End PBXGroup section */

/* Begin PBXNativeTarget section */
		9A27C5EE2B52C1A1007DADF5 /* NewsFeedApps */ = {
			isa = PBXNativeTarget;
			buildConfigurationList = 9A27C6132B52C1A2007DADF5 /* Build configuration list for PBXNativeTarget "NewsFeedApps" */;
			buildPhases = (
				9A27C5EB2B52C1A1007DADF5 /* Sources */,
				9A27C5EC2B52C1A1007DADF5 /* Frameworks */,
				9A27C5ED2B52C1A1007DADF5 /* Resources */,
			);
			buildRules = (
			);
			dependencies = (
			);
			name = NewsFeedApps;
			packageProductDependencies = (
				9A27C61E2B52C28C007DADF5 /* Alamofire */,
				9A27C6212B52C2B0007DADF5 /* URLImage */,
				9A27C6232B52C2B0007DADF5 /* URLImageStore */,
			);
			productName = NewsFeedApps;
			productReference = 9A27C5EF2B52C1A1007DADF5 /* NewsFeedApps.app */;
			productType = "com.apple.product-type.application";
		};
		9A27C5FE2B52C1A2007DADF5 /* NewsFeedAppsTests */ = {
			isa = PBXNativeTarget;
			buildConfigurationList = 9A27C6162B52C1A2007DADF5 /* Build configuration list for PBXNativeTarget "NewsFeedAppsTests" */;
			buildPhases = (
				9A27C5FB2B52C1A2007DADF5 /* Sources */,
				9A27C5FC2B52C1A2007DADF5 /* Frameworks */,
				9A27C5FD2B52C1A2007DADF5 /* Resources */,
			);
			buildRules = (
			);
			dependencies = (
				9A27C6012B52C1A2007DADF5 /* PBXTargetDependency */,
			);
			name = NewsFeedAppsTests;
			productName = NewsFeedAppsTests;
			productReference = 9A27C5FF2B52C1A2007DADF5 /* NewsFeedAppsTests.xctest */;
			productType = "com.apple.product-type.bundle.unit-test";
		};
		9A27C6082B52C1A2007DADF5 /* NewsFeedAppsUITests */ = {
			isa = PBXNativeTarget;
			buildConfigurationList = 9A27C6192B52C1A2007DADF5 /* Build configuration list for PBXNativeTarget "NewsFeedAppsUITests" */;
			buildPhases = (
				9A27C6052B52C1A2007DADF5 /* Sources */,
				9A27C6062B52C1A2007DADF5 /* Frameworks */,
				9A27C6072B52C1A2007DADF5 /* Resources */,
			);
			buildRules = (
			);
			dependencies = (
				9A27C60B2B52C1A2007DADF5 /* PBXTargetDependency */,
			);
			name = NewsFeedAppsUITests;
			productName = NewsFeedAppsUITests;
			productReference = 9A27C6092B52C1A2007DADF5 /* NewsFeedAppsUITests.xctest */;
			productType = "com.apple.product-type.bundle.ui-testing";
		};
/* End PBXNativeTarget section */

/* Begin PBXProject section */
		9A27C5E72B52C1A1007DADF5 /* Project object */ = {
			isa = PBXProject;
			attributes = {
				BuildIndependentTargetsInParallel = 1;
				LastSwiftUpdateCheck = 1430;
				LastUpgradeCheck = 1430;
				TargetAttributes = {
					9A27C5EE2B52C1A1007DADF5 = {
						CreatedOnToolsVersion = 14.3;
					};
					9A27C5FE2B52C1A2007DADF5 = {
						CreatedOnToolsVersion = 14.3;
						TestTargetID = 9A27C5EE2B52C1A1007DADF5;
					};
					9A27C6082B52C1A2007DADF5 = {
						CreatedOnToolsVersion = 14.3;
						TestTargetID = 9A27C5EE2B52C1A1007DADF5;
					};
				};
			};
			buildConfigurationList = 9A27C5EA2B52C1A1007DADF5 /* Build configuration list for PBXProject "NewsFeedApps" */;
			compatibilityVersion = "Xcode 14.0";
			developmentRegion = en;
			hasScannedForEncodings = 0;
			knownRegions = (
				en,
				Base,
			);
			mainGroup = 9A27C5E62B52C1A1007DADF5;
			packageReferences = (
				9A27C61D2B52C28C007DADF5 /* XCRemoteSwiftPackageReference "Alamofire" */,
				9A27C6202B52C2B0007DADF5 /* XCRemoteSwiftPackageReference "url-image" */,
			);
			productRefGroup = 9A27C5F02B52C1A1007DADF5 /* Products */;
			projectDirPath = "";
			projectRoot = "";
			targets = (
				9A27C5EE2B52C1A1007DADF5 /* NewsFeedApps */,
				9A27C5FE2B52C1A2007DADF5 /* NewsFeedAppsTests */,
				9A27C6082B52C1A2007DADF5 /* NewsFeedAppsUITests */,
			);
		};
/* End PBXProject section */

/* Begin PBXResourcesBuildPhase section */
		9A27C5ED2B52C1A1007DADF5 /* Resources */ = {
			isa = PBXResourcesBuildPhase;
			buildActionMask = 2147483647;
			files = (
				9A27C5FA2B52C1A2007DADF5 /* Preview Assets.xcassets in Resources */,
				9A27C5F72B52C1A2007DADF5 /* Assets.xcassets in Resources */,
			);
			runOnlyForDeploymentPostprocessing = 0;
		};
		9A27C5FD2B52C1A2007DADF5 /* Resources */ = {
			isa = PBXResourcesBuildPhase;
			buildActionMask = 2147483647;
			files = (
			);
			runOnlyForDeploymentPostprocessing = 0;
		};
		9A27C6072B52C1A2007DADF5 /* Resources */ = {
			isa = PBXResourcesBuildPhase;
			buildActionMask = 2147483647;
			files = (
			);
			runOnlyForDeploymentPostprocessing = 0;
		};
/* End PBXResourcesBuildPhase section */

/* Begin PBXSourcesBuildPhase section */
		9A27C5EB2B52C1A1007DADF5 /* Sources */ = {
			isa = PBXSourcesBuildPhase;
			buildActionMask = 2147483647;
			files = (
				9A27C6382B52C5F7007DADF5 /* SearchBarView.swift in Sources */,
				9A27C6262B52C2CE007DADF5 /* NewsModel.swift in Sources */,
				9A27C63E2B52C6AE007DADF5 /* FavoritesView.swift in Sources */,
				9A27C6342B52C51F007DADF5 /* NewsListView.swift in Sources */,
				9A27C62B2B52C3EB007DADF5 /* NewsApiResponse.swift in Sources */,
				9A27C6362B52C565007DADF5 /* NewsListItemView.swift in Sources */,
				9A27C6422B52C731007DADF5 /* WebView.swift in Sources */,
				9A27C5F52B52C1A1007DADF5 /* ContentView.swift in Sources */,
				9A27C63C2B52C68C007DADF5 /* FavoritesViewModel.swift in Sources */,
				9A27C6292B52C3B6007DADF5 /* NewsService.swift in Sources */,
				9A27C6312B52C4A8007DADF5 /* NewsViewModel.swift in Sources */,
				9A27C63A2B52C614007DADF5 /* TabBar.swift in Sources */,
				9A27C62E2B52C471007DADF5 /* NewsDetailView.swift in Sources */,
				9A27C5F32B52C1A1007DADF5 /* NewsFeedAppsApp.swift in Sources */,
				9A27C6402B52C714007DADF5 /* ShareSheet.swift in Sources */,
			);
			runOnlyForDeploymentPostprocessing = 0;
		};
		9A27C5FB2B52C1A2007DADF5 /* Sources */ = {
			isa = PBXSourcesBuildPhase;
			buildActionMask = 2147483647;
			files = (
				9A27C6042B52C1A2007DADF5 /* NewsFeedAppsTests.swift in Sources */,
			);
			runOnlyForDeploymentPostprocessing = 0;
		};
		9A27C6052B52C1A2007DADF5 /* Sources */ = {
			isa = PBXSourcesBuildPhase;
			buildActionMask = 2147483647;
			files = (
				9A27C60E2B52C1A2007DADF5 /* NewsFeedAppsUITests.swift in Sources */,
				9A27C6102B52C1A2007DADF5 /* NewsFeedAppsUITestsLaunchTests.swift in Sources */,
			);
			runOnlyForDeploymentPostprocessing = 0;
		};
/* End PBXSourcesBuildPhase section */

/* Begin PBXTargetDependency section */
		9A27C6012B52C1A2007DADF5 /* PBXTargetDependency */ = {
			isa = PBXTargetDependency;
			target = 9A27C5EE2B52C1A1007DADF5 /* NewsFeedApps */;
			targetProxy = 9A27C6002B52C1A2007DADF5 /* PBXContainerItemProxy */;
		};
		9A27C60B2B52C1A2007DADF5 /* PBXTargetDependency */ = {
			isa = PBXTargetDependency;
			target = 9A27C5EE2B52C1A1007DADF5 /* NewsFeedApps */;
			targetProxy = 9A27C60A2B52C1A2007DADF5 /* PBXContainerItemProxy */;
		};
/* End PBXTargetDependency section */

/* Begin XCBuildConfiguration section */
		9A27C6112B52C1A2007DADF5 /* Debug */ = {
			isa = XCBuildConfiguration;
			buildSettings = {
				ALWAYS_SEARCH_USER_PATHS = NO;
				CLANG_ANALYZER_NONNULL = YES;
				CLANG_ANALYZER_NUMBER_OBJECT_CONVERSION = YES_AGGRESSIVE;
				CLANG_CXX_LANGUAGE_STANDARD = "gnu++20";
				CLANG_ENABLE_MODULES = YES;
				CLANG_ENABLE_OBJC_ARC = YES;
				CLANG_ENABLE_OBJC_WEAK = YES;
				CLANG_WARN_BLOCK_CAPTURE_AUTORELEASING = YES;
				CLANG_WARN_BOOL_CONVERSION = YES;
				CLANG_WARN_COMMA = YES;
				CLANG_WARN_CONSTANT_CONVERSION = YES;
				CLANG_WARN_DEPRECATED_OBJC_IMPLEMENTATIONS = YES;
				CLANG_WARN_DIRECT_OBJC_ISA_USAGE = YES_ERROR;
				CLANG_WARN_DOCUMENTATION_COMMENTS = YES;
				CLANG_WARN_EMPTY_BODY = YES;
				CLANG_WARN_ENUM_CONVERSION = YES;
				CLANG_WARN_INFINITE_RECURSION = YES;
				CLANG_WARN_INT_CONVERSION = YES;
				CLANG_WARN_NON_LITERAL_NULL_CONVERSION = YES;
				CLANG_WARN_OBJC_IMPLICIT_RETAIN_SELF = YES;
				CLANG_WARN_OBJC_LITERAL_CONVERSION = YES;
				CLANG_WARN_OBJC_ROOT_CLASS = YES_ERROR;
				CLANG_WARN_QUOTED_INCLUDE_IN_FRAMEWORK_HEADER = YES;
				CLANG_WARN_RANGE_LOOP_ANALYSIS = YES;
				CLANG_WARN_STRICT_PROTOTYPES = YES;
				CLANG_WARN_SUSPICIOUS_MOVE = YES;
				CLANG_WARN_UNGUARDED_AVAILABILITY = YES_AGGRESSIVE;
				CLANG_WARN_UNREACHABLE_CODE = YES;
				CLANG_WARN__DUPLICATE_METHOD_MATCH = YES;
				COPY_PHASE_STRIP = NO;
				DEBUG_INFORMATION_FORMAT = dwarf;
				ENABLE_STRICT_OBJC_MSGSEND = YES;
				ENABLE_TESTABILITY = YES;
				GCC_C_LANGUAGE_STANDARD = gnu11;
				GCC_DYNAMIC_NO_PIC = NO;
				GCC_NO_COMMON_BLOCKS = YES;
				GCC_OPTIMIZATION_LEVEL = 0;
				GCC_PREPROCESSOR_DEFINITIONS = (
					"DEBUG=1",
					"$(inherited)",
				);
				GCC_WARN_64_TO_32_BIT_CONVERSION = YES;
				GCC_WARN_ABOUT_RETURN_TYPE = YES_ERROR;
				GCC_WARN_UNDECLARED_SELECTOR = YES;
				GCC_WARN_UNINITIALIZED_AUTOS = YES_AGGRESSIVE;
				GCC_WARN_UNUSED_FUNCTION = YES;
				GCC_WARN_UNUSED_VARIABLE = YES;
				IPHONEOS_DEPLOYMENT_TARGET = 16.4;
				MTL_ENABLE_DEBUG_INFO = INCLUDE_SOURCE;
				MTL_FAST_MATH = YES;
				ONLY_ACTIVE_ARCH = YES;
				SDKROOT = iphoneos;
				SWIFT_ACTIVE_COMPILATION_CONDITIONS = DEBUG;
				SWIFT_OPTIMIZATION_LEVEL = "-Onone";
			};
			name = Debug;
		};
		9A27C6122B52C1A2007DADF5 /* Release */ = {
			isa = XCBuildConfiguration;
			buildSettings = {
				ALWAYS_SEARCH_USER_PATHS = NO;
				CLANG_ANALYZER_NONNULL = YES;
				CLANG_ANALYZER_NUMBER_OBJECT_CONVERSION = YES_AGGRESSIVE;
				CLANG_CXX_LANGUAGE_STANDARD = "gnu++20";
				CLANG_ENABLE_MODULES = YES;
				CLANG_ENABLE_OBJC_ARC = YES;
				CLANG_ENABLE_OBJC_WEAK = YES;
				CLANG_WARN_BLOCK_CAPTURE_AUTORELEASING = YES;
				CLANG_WARN_BOOL_CONVERSION = YES;
				CLANG_WARN_COMMA = YES;
				CLANG_WARN_CONSTANT_CONVERSION = YES;
				CLANG_WARN_DEPRECATED_OBJC_IMPLEMENTATIONS = YES;
				CLANG_WARN_DIRECT_OBJC_ISA_USAGE = YES_ERROR;
				CLANG_WARN_DOCUMENTATION_COMMENTS = YES;
				CLANG_WARN_EMPTY_BODY = YES;
				CLANG_WARN_ENUM_CONVERSION = YES;
				CLANG_WARN_INFINITE_RECURSION = YES;
				CLANG_WARN_INT_CONVERSION = YES;
				CLANG_WARN_NON_LITERAL_NULL_CONVERSION = YES;
				CLANG_WARN_OBJC_IMPLICIT_RETAIN_SELF = YES;
				CLANG_WARN_OBJC_LITERAL_CONVERSION = YES;
				CLANG_WARN_OBJC_ROOT_CLASS = YES_ERROR;
				CLANG_WARN_QUOTED_INCLUDE_IN_FRAMEWORK_HEADER = YES;
				CLANG_WARN_RANGE_LOOP_ANALYSIS = YES;
				CLANG_WARN_STRICT_PROTOTYPES = YES;
				CLANG_WARN_SUSPICIOUS_MOVE = YES;
				CLANG_WARN_UNGUARDED_AVAILABILITY = YES_AGGRESSIVE;
				CLANG_WARN_UNREACHABLE_CODE = YES;
				CLANG_WARN__DUPLICATE_METHOD_MATCH = YES;
				COPY_PHASE_STRIP = NO;
				DEBUG_INFORMATION_FORMAT = "dwarf-with-dsym";
				ENABLE_NS_ASSERTIONS = NO;
				ENABLE_STRICT_OBJC_MSGSEND = YES;
				GCC_C_LANGUAGE_STANDARD = gnu11;
				GCC_NO_COMMON_BLOCKS = YES;
				GCC_WARN_64_TO_32_BIT_CONVERSION = YES;
				GCC_WARN_ABOUT_RETURN_TYPE = YES_ERROR;
				GCC_WARN_UNDECLARED_SELECTOR = YES;
				GCC_WARN_UNINITIALIZED_AUTOS = YES_AGGRESSIVE;
				GCC_WARN_UNUSED_FUNCTION = YES;
				GCC_WARN_UNUSED_VARIABLE = YES;
				IPHONEOS_DEPLOYMENT_TARGET = 16.4;
				MTL_ENABLE_DEBUG_INFO = NO;
				MTL_FAST_MATH = YES;
				SDKROOT = iphoneos;
				SWIFT_COMPILATION_MODE = wholemodule;
				SWIFT_OPTIMIZATION_LEVEL = "-O";
				VALIDATE_PRODUCT = YES;
			};
			name = Release;
		};
		9A27C6142B52C1A2007DADF5 /* Debug */ = {
			isa = XCBuildConfiguration;
			buildSettings = {
				ASSETCATALOG_COMPILER_APPICON_NAME = AppIcon;
				ASSETCATALOG_COMPILER_GLOBAL_ACCENT_COLOR_NAME = AccentColor;
				CODE_SIGN_STYLE = Automatic;
				CURRENT_PROJECT_VERSION = 1;
				DEVELOPMENT_ASSET_PATHS = "\"NewsFeedApps/Preview Content\"";
				ENABLE_PREVIEWS = YES;
				GENERATE_INFOPLIST_FILE = YES;
				INFOPLIST_KEY_UIApplicationSceneManifest_Generation = YES;
				INFOPLIST_KEY_UIApplicationSupportsIndirectInputEvents = YES;
				INFOPLIST_KEY_UILaunchScreen_Generation = YES;
				INFOPLIST_KEY_UISupportedInterfaceOrientations_iPad = "UIInterfaceOrientationPortrait UIInterfaceOrientationPortraitUpsideDown UIInterfaceOrientationLandscapeLeft UIInterfaceOrientationLandscapeRight";
				INFOPLIST_KEY_UISupportedInterfaceOrientations_iPhone = "UIInterfaceOrientationPortrait UIInterfaceOrientationLandscapeLeft UIInterfaceOrientationLandscapeRight";
				LD_RUNPATH_SEARCH_PATHS = (
					"$(inherited)",
					"@executable_path/Frameworks",
				);
				MARKETING_VERSION = 1.0;
				PRODUCT_BUNDLE_IDENTIFIER = beste.NewsFeedApps;
				PRODUCT_NAME = "$(TARGET_NAME)";
				SWIFT_EMIT_LOC_STRINGS = YES;
				SWIFT_VERSION = 5.0;
				TARGETED_DEVICE_FAMILY = "1,2";
			};
			name = Debug;
		};
		9A27C6152B52C1A2007DADF5 /* Release */ = {
			isa = XCBuildConfiguration;
			buildSettings = {
				ASSETCATALOG_COMPILER_APPICON_NAME = AppIcon;
				ASSETCATALOG_COMPILER_GLOBAL_ACCENT_COLOR_NAME = AccentColor;
				CODE_SIGN_STYLE = Automatic;
				CURRENT_PROJECT_VERSION = 1;
				DEVELOPMENT_ASSET_PATHS = "\"NewsFeedApps/Preview Content\"";
				ENABLE_PREVIEWS = YES;
				GENERATE_INFOPLIST_FILE = YES;
				INFOPLIST_KEY_UIApplicationSceneManifest_Generation = YES;
				INFOPLIST_KEY_UIApplicationSupportsIndirectInputEvents = YES;
				INFOPLIST_KEY_UILaunchScreen_Generation = YES;
				INFOPLIST_KEY_UISupportedInterfaceOrientations_iPad = "UIInterfaceOrientationPortrait UIInterfaceOrientationPortraitUpsideDown UIInterfaceOrientationLandscapeLeft UIInterfaceOrientationLandscapeRight";
				INFOPLIST_KEY_UISupportedInterfaceOrientations_iPhone = "UIInterfaceOrientationPortrait UIInterfaceOrientationLandscapeLeft UIInterfaceOrientationLandscapeRight";
				LD_RUNPATH_SEARCH_PATHS = (
					"$(inherited)",
					"@executable_path/Frameworks",
				);
				MARKETING_VERSION = 1.0;
				PRODUCT_BUNDLE_IDENTIFIER = beste.NewsFeedApps;
				PRODUCT_NAME = "$(TARGET_NAME)";
				SWIFT_EMIT_LOC_STRINGS = YES;
				SWIFT_VERSION = 5.0;
				TARGETED_DEVICE_FAMILY = "1,2";
			};
			name = Release;
		};
		9A27C6172B52C1A2007DADF5 /* Debug */ = {
			isa = XCBuildConfiguration;
			buildSettings = {
				ALWAYS_EMBED_SWIFT_STANDARD_LIBRARIES = YES;
				BUNDLE_LOADER = "$(TEST_HOST)";
				CODE_SIGN_STYLE = Automatic;
				CURRENT_PROJECT_VERSION = 1;
				GENERATE_INFOPLIST_FILE = YES;
				IPHONEOS_DEPLOYMENT_TARGET = 16.4;
				MARKETING_VERSION = 1.0;
				PRODUCT_BUNDLE_IDENTIFIER = beste.NewsFeedAppsTests;
				PRODUCT_NAME = "$(TARGET_NAME)";
				SWIFT_EMIT_LOC_STRINGS = NO;
				SWIFT_VERSION = 5.0;
				TARGETED_DEVICE_FAMILY = "1,2";
				TEST_HOST = "$(BUILT_PRODUCTS_DIR)/NewsFeedApps.app/$(BUNDLE_EXECUTABLE_FOLDER_PATH)/NewsFeedApps";
			};
			name = Debug;
		};
		9A27C6182B52C1A2007DADF5 /* Release */ = {
			isa = XCBuildConfiguration;
			buildSettings = {
				ALWAYS_EMBED_SWIFT_STANDARD_LIBRARIES = YES;
				BUNDLE_LOADER = "$(TEST_HOST)";
				CODE_SIGN_STYLE = Automatic;
				CURRENT_PROJECT_VERSION = 1;
				GENERATE_INFOPLIST_FILE = YES;
				IPHONEOS_DEPLOYMENT_TARGET = 16.4;
				MARKETING_VERSION = 1.0;
				PRODUCT_BUNDLE_IDENTIFIER = beste.NewsFeedAppsTests;
				PRODUCT_NAME = "$(TARGET_NAME)";
				SWIFT_EMIT_LOC_STRINGS = NO;
				SWIFT_VERSION = 5.0;
				TARGETED_DEVICE_FAMILY = "1,2";
				TEST_HOST = "$(BUILT_PRODUCTS_DIR)/NewsFeedApps.app/$(BUNDLE_EXECUTABLE_FOLDER_PATH)/NewsFeedApps";
			};
			name = Release;
		};
		9A27C61A2B52C1A2007DADF5 /* Debug */ = {
			isa = XCBuildConfiguration;
			buildSettings = {
				ALWAYS_EMBED_SWIFT_STANDARD_LIBRARIES = YES;
				CODE_SIGN_STYLE = Automatic;
				CURRENT_PROJECT_VERSION = 1;
				GENERATE_INFOPLIST_FILE = YES;
				MARKETING_VERSION = 1.0;
				PRODUCT_BUNDLE_IDENTIFIER = beste.NewsFeedAppsUITests;
				PRODUCT_NAME = "$(TARGET_NAME)";
				SWIFT_EMIT_LOC_STRINGS = NO;
				SWIFT_VERSION = 5.0;
				TARGETED_DEVICE_FAMILY = "1,2";
				TEST_TARGET_NAME = NewsFeedApps;
			};
			name = Debug;
		};
		9A27C61B2B52C1A2007DADF5 /* Release */ = {
			isa = XCBuildConfiguration;
			buildSettings = {
				ALWAYS_EMBED_SWIFT_STANDARD_LIBRARIES = YES;
				CODE_SIGN_STYLE = Automatic;
				CURRENT_PROJECT_VERSION = 1;
				GENERATE_INFOPLIST_FILE = YES;
				MARKETING_VERSION = 1.0;
				PRODUCT_BUNDLE_IDENTIFIER = beste.NewsFeedAppsUITests;
				PRODUCT_NAME = "$(TARGET_NAME)";
				SWIFT_EMIT_LOC_STRINGS = NO;
				SWIFT_VERSION = 5.0;
				TARGETED_DEVICE_FAMILY = "1,2";
				TEST_TARGET_NAME = NewsFeedApps;
			};
			name = Release;
		};
/* End XCBuildConfiguration section */

/* Begin XCConfigurationList section */
		9A27C5EA2B52C1A1007DADF5 /* Build configuration list for PBXProject "NewsFeedApps" */ = {
			isa = XCConfigurationList;
			buildConfigurations = (
				9A27C6112B52C1A2007DADF5 /* Debug */,
				9A27C6122B52C1A2007DADF5 /* Release */,
			);
			defaultConfigurationIsVisible = 0;
			defaultConfigurationName = Release;
		};
		9A27C6132B52C1A2007DADF5 /* Build configuration list for PBXNativeTarget "NewsFeedApps" */ = {
			isa = XCConfigurationList;
			buildConfigurations = (
				9A27C6142B52C1A2007DADF5 /* Debug */,
				9A27C6152B52C1A2007DADF5 /* Release */,
			);
			defaultConfigurationIsVisible = 0;
			defaultConfigurationName = Release;
		};
		9A27C6162B52C1A2007DADF5 /* Build configuration list for PBXNativeTarget "NewsFeedAppsTests" */ = {
			isa = XCConfigurationList;
			buildConfigurations = (
				9A27C6172B52C1A2007DADF5 /* Debug */,
				9A27C6182B52C1A2007DADF5 /* Release */,
			);
			defaultConfigurationIsVisible = 0;
			defaultConfigurationName = Release;
		};
		9A27C6192B52C1A2007DADF5 /* Build configuration list for PBXNativeTarget "NewsFeedAppsUITests" */ = {
			isa = XCConfigurationList;
			buildConfigurations = (
				9A27C61A2B52C1A2007DADF5 /* Debug */,
				9A27C61B2B52C1A2007DADF5 /* Release */,
			);
			defaultConfigurationIsVisible = 0;
			defaultConfigurationName = Release;
		};
/* End XCConfigurationList section */

/* Begin XCRemoteSwiftPackageReference section */
		9A27C61D2B52C28C007DADF5 /* XCRemoteSwiftPackageReference "Alamofire" */ = {
			isa = XCRemoteSwiftPackageReference;
			repositoryURL = "https://github.com/Alamofire/Alamofire.git";
			requirement = {
				kind = upToNextMajorVersion;
				minimumVersion = 5.0.0;
			};
		};
		9A27C6202B52C2B0007DADF5 /* XCRemoteSwiftPackageReference "url-image" */ = {
			isa = XCRemoteSwiftPackageReference;
			repositoryURL = "https://github.com/dmytro-anokhin/url-image.git";
			requirement = {
				kind = upToNextMajorVersion;
				minimumVersion = 3.0.0;
			};
		};
/* End XCRemoteSwiftPackageReference section */

/* Begin XCSwiftPackageProductDependency section */
		9A27C61E2B52C28C007DADF5 /* Alamofire */ = {
			isa = XCSwiftPackageProductDependency;
			package = 9A27C61D2B52C28C007DADF5 /* XCRemoteSwiftPackageReference "Alamofire" */;
			productName = Alamofire;
		};
		9A27C6212B52C2B0007DADF5 /* URLImage */ = {
			isa = XCSwiftPackageProductDependency;
			package = 9A27C6202B52C2B0007DADF5 /* XCRemoteSwiftPackageReference "url-image" */;
			productName = URLImage;
		};
		9A27C6232B52C2B0007DADF5 /* URLImageStore */ = {
			isa = XCSwiftPackageProductDependency;
			package = 9A27C6202B52C2B0007DADF5 /* XCRemoteSwiftPackageReference "url-image" */;
			productName = URLImageStore;
		};
/* End XCSwiftPackageProductDependency section */
	};
	rootObject = 9A27C5E72B52C1A1007DADF5 /* Project object */;
}
